
Microsoft Visual Studio Solution File, Format Version 12.00
# Visual Studio Version 17
VisualStudioVersion = 17.0.31903.59
MinimumVisualStudioVersion = 10.0.40219.1
Project("{FAE04EC0-301F-11D3-BF4B-00C04F79EFBC}") = "cviceni1", "cviceni1\cviceni1.csproj", "{30F3777C-0DFD-48B7-BD5A-0D35C6F1E999}"
EndProject
Project("{FAE04EC0-301F-11D3-BF4B-00C04F79EFBC}") = "cviceni2tetris", "cviceni2\cviceni2tetris.csproj", "{219A9193-9319-4CF0-8A65-0ECAC61D13C3}"
EndProject
Project("{FAE04EC0-301F-11D3-BF4B-00C04F79EFBC}") = "cviceni3", "cviceni3\cviceni3.csproj", "{EAB5C238-E6F1-417B-B236-CFC6035590F1}"
EndProject
Project("{FAE04EC0-301F-11D3-BF4B-00C04F79EFBC}") = "DU1", "DU1\DU1.csproj", "{CA233A78-78D2-456D-AB23-22D3400BFE9F}"
EndProject
Project("{FAE04EC0-301F-11D3-BF4B-00C04F79EFBC}") = "OSMMap", "OSMMap\OSMMap.csproj", "{FB02D0D7-607A-4D40-90B3-69A2DCDB490C}"
EndProject
Project("{FAE04EC0-301F-11D3-BF4B-00C04F79EFBC}") = "OSMMapLib", "OSMMapLib\OSMMapLib.csproj", "{4F837AC7-F0B9-41C6-B94D-3B880EA3647A}"
EndProject
Project("{FAE04EC0-301F-11D3-BF4B-00C04F79EFBC}") = "MapRendererLib", "MapRendererLib\MapRendererLib.csproj", "{4CB9D7CE-3E13-495D-9968-FE231BE2A395}"
EndProject
Global
	GlobalSection(SolutionConfigurationPlatforms) = preSolution
		Debug|Any CPU = Debug|Any CPU
		Debug|x64 = Debug|x64
		Debug|x86 = Debug|x86
		Release|Any CPU = Release|Any CPU
		Release|x64 = Release|x64
		Release|x86 = Release|x86
	EndGlobalSection
	GlobalSection(ProjectConfigurationPlatforms) = postSolution
		{30F3777C-0DFD-48B7-BD5A-0D35C6F1E999}.Debug|Any CPU.ActiveCfg = Debug|Any CPU
		{30F3777C-0DFD-48B7-BD5A-0D35C6F1E999}.Debug|Any CPU.Build.0 = Debug|Any CPU
		{30F3777C-0DFD-48B7-BD5A-0D35C6F1E999}.Debug|x64.ActiveCfg = Debug|Any CPU
		{30F3777C-0DFD-48B7-BD5A-0D35C6F1E999}.Debug|x64.Build.0 = Debug|Any CPU
		{30F3777C-0DFD-48B7-BD5A-0D35C6F1E999}.Debug|x86.ActiveCfg = Debug|Any CPU
		{30F3777C-0DFD-48B7-BD5A-0D35C6F1E999}.Debug|x86.Build.0 = Debug|Any CPU
		{30F3777C-0DFD-48B7-BD5A-0D35C6F1E999}.Release|Any CPU.ActiveCfg = Release|Any CPU
		{30F3777C-0DFD-48B7-BD5A-0D35C6F1E999}.Release|Any CPU.Build.0 = Release|Any CPU
		{30F3777C-0DFD-48B7-BD5A-0D35C6F1E999}.Release|x64.ActiveCfg = Release|Any CPU
		{30F3777C-0DFD-48B7-BD5A-0D35C6F1E999}.Release|x64.Build.0 = Release|Any CPU
		{30F3777C-0DFD-48B7-BD5A-0D35C6F1E999}.Release|x86.ActiveCfg = Release|Any CPU
		{30F3777C-0DFD-48B7-BD5A-0D35C6F1E999}.Release|x86.Build.0 = Release|Any CPU
		{219A9193-9319-4CF0-8A65-0ECAC61D13C3}.Debug|Any CPU.ActiveCfg = Debug|Any CPU
		{219A9193-9319-4CF0-8A65-0ECAC61D13C3}.Debug|Any CPU.Build.0 = Debug|Any CPU
		{219A9193-9319-4CF0-8A65-0ECAC61D13C3}.Debug|x64.ActiveCfg = Debug|Any CPU
		{219A9193-9319-4CF0-8A65-0ECAC61D13C3}.Debug|x64.Build.0 = Debug|Any CPU
		{219A9193-9319-4CF0-8A65-0ECAC61D13C3}.Debug|x86.ActiveCfg = Debug|Any CPU
		{219A9193-9319-4CF0-8A65-0ECAC61D13C3}.Debug|x86.Build.0 = Debug|Any CPU
		{219A9193-9319-4CF0-8A65-0ECAC61D13C3}.Release|Any CPU.ActiveCfg = Release|Any CPU
		{219A9193-9319-4CF0-8A65-0ECAC61D13C3}.Release|Any CPU.Build.0 = Release|Any CPU
		{219A9193-9319-4CF0-8A65-0ECAC61D13C3}.Release|x64.ActiveCfg = Release|Any CPU
		{219A9193-9319-4CF0-8A65-0ECAC61D13C3}.Release|x64.Build.0 = Release|Any CPU
		{219A9193-9319-4CF0-8A65-0ECAC61D13C3}.Release|x86.ActiveCfg = Release|Any CPU
		{219A9193-9319-4CF0-8A65-0ECAC61D13C3}.Release|x86.Build.0 = Release|Any CPU
		{EAB5C238-E6F1-417B-B236-CFC6035590F1}.Debug|Any CPU.ActiveCfg = Debug|Any CPU
		{EAB5C238-E6F1-417B-B236-CFC6035590F1}.Debug|Any CPU.Build.0 = Debug|Any CPU
		{EAB5C238-E6F1-417B-B236-CFC6035590F1}.Debug|x64.ActiveCfg = Debug|Any CPU
		{EAB5C238-E6F1-417B-B236-CFC6035590F1}.Debug|x64.Build.0 = Debug|Any CPU
		{EAB5C238-E6F1-417B-B236-CFC6035590F1}.Debug|x86.ActiveCfg = Debug|Any CPU
		{EAB5C238-E6F1-417B-B236-CFC6035590F1}.Debug|x86.Build.0 = Debug|Any CPU
		{EAB5C238-E6F1-417B-B236-CFC6035590F1}.Release|Any CPU.ActiveCfg = Release|Any CPU
		{EAB5C238-E6F1-417B-B236-CFC6035590F1}.Release|Any CPU.Build.0 = Release|Any CPU
		{EAB5C238-E6F1-417B-B236-CFC6035590F1}.Release|x64.ActiveCfg = Release|Any CPU
		{EAB5C238-E6F1-417B-B236-CFC6035590F1}.Release|x64.Build.0 = Release|Any CPU
		{EAB5C238-E6F1-417B-B236-CFC6035590F1}.Release|x86.ActiveCfg = Release|Any CPU
		{EAB5C238-E6F1-417B-B236-CFC6035590F1}.Release|x86.Build.0 = Release|Any CPU
		{CA233A78-78D2-456D-AB23-22D3400BFE9F}.Debug|Any CPU.ActiveCfg = Debug|Any CPU
		{CA233A78-78D2-456D-AB23-22D3400BFE9F}.Debug|Any CPU.Build.0 = Debug|Any CPU
		{CA233A78-78D2-456D-AB23-22D3400BFE9F}.Debug|x64.ActiveCfg = Debug|Any CPU
		{CA233A78-78D2-456D-AB23-22D3400BFE9F}.Debug|x64.Build.0 = Debug|Any CPU
		{CA233A78-78D2-456D-AB23-22D3400BFE9F}.Debug|x86.ActiveCfg = Debug|Any CPU
		{CA233A78-78D2-456D-AB23-22D3400BFE9F}.Debug|x86.Build.0 = Debug|Any CPU
		{CA233A78-78D2-456D-AB23-22D3400BFE9F}.Release|Any CPU.ActiveCfg = Release|Any CPU
		{CA233A78-78D2-456D-AB23-22D3400BFE9F}.Release|Any CPU.Build.0 = Release|Any CPU
		{CA233A78-78D2-456D-AB23-22D3400BFE9F}.Release|x64.ActiveCfg = Release|Any CPU
		{CA233A78-78D2-456D-AB23-22D3400BFE9F}.Release|x64.Build.0 = Release|Any CPU
		{CA233A78-78D2-456D-AB23-22D3400BFE9F}.Release|x86.ActiveCfg = Release|Any CPU
		{CA233A78-78D2-456D-AB23-22D3400BFE9F}.Release|x86.Build.0 = Release|Any CPU
		{FB02D0D7-607A-4D40-90B3-69A2DCDB490C}.Debug|Any CPU.ActiveCfg = Debug|Any CPU
		{FB02D0D7-607A-4D40-90B3-69A2DCDB490C}.Debug|Any CPU.Build.0 = Debug|Any CPU
		{FB02D0D7-607A-4D40-90B3-69A2DCDB490C}.Debug|x64.ActiveCfg = Debug|Any CPU
		{FB02D0D7-607A-4D40-90B3-69A2DCDB490C}.Debug|x64.Build.0 = Debug|Any CPU
		{FB02D0D7-607A-4D40-90B3-69A2DCDB490C}.Debug|x86.ActiveCfg = Debug|Any CPU
		{FB02D0D7-607A-4D40-90B3-69A2DCDB490C}.Debug|x86.Build.0 = Debug|Any CPU
		{FB02D0D7-607A-4D40-90B3-69A2DCDB490C}.Release|Any CPU.ActiveCfg = Release|Any CPU
		{FB02D0D7-607A-4D40-90B3-69A2DCDB490C}.Release|Any CPU.Build.0 = Release|Any CPU
		{FB02D0D7-607A-4D40-90B3-69A2DCDB490C}.Release|x64.ActiveCfg = Release|Any CPU
		{FB02D0D7-607A-4D40-90B3-69A2DCDB490C}.Release|x64.Build.0 = Release|Any CPU
		{FB02D0D7-607A-4D40-90B3-69A2DCDB490C}.Release|x86.ActiveCfg = Release|Any CPU
		{FB02D0D7-607A-4D40-90B3-69A2DCDB490C}.Release|x86.Build.0 = Release|Any CPU
		{4F837AC7-F0B9-41C6-B94D-3B880EA3647A}.Debug|Any CPU.ActiveCfg = Debug|Any CPU
		{4F837AC7-F0B9-41C6-B94D-3B880EA3647A}.Debug|Any CPU.Build.0 = Debug|Any CPU
		{4F837AC7-F0B9-41C6-B94D-3B880EA3647A}.Debug|x64.ActiveCfg = Debug|Any CPU
		{4F837AC7-F0B9-41C6-B94D-3B880EA3647A}.Debug|x64.Build.0 = Debug|Any CPU
		{4F837AC7-F0B9-41C6-B94D-3B880EA3647A}.Debug|x86.ActiveCfg = Debug|Any CPU
		{4F837AC7-F0B9-41C6-B94D-3B880EA3647A}.Debug|x86.Build.0 = Debug|Any CPU
		{4F837AC7-F0B9-41C6-B94D-3B880EA3647A}.Release|Any CPU.ActiveCfg = Release|Any CPU
		{4F837AC7-F0B9-41C6-B94D-3B880EA3647A}.Release|Any CPU.Build.0 = Release|Any CPU
		{4F837AC7-F0B9-41C6-B94D-3B880EA3647A}.Release|x64.ActiveCfg = Release|Any CPU
		{4F837AC7-F0B9-41C6-B94D-3B880EA3647A}.Release|x64.Build.0 = Release|Any CPU
		{4F837AC7-F0B9-41C6-B94D-3B880EA3647A}.Release|x86.ActiveCfg = Release|Any CPU
		{4F837AC7-F0B9-41C6-B94D-3B880EA3647A}.Release|x86.Build.0 = Release|Any CPU
		{4CB9D7CE-3E13-495D-9968-FE231BE2A395}.Debug|Any CPU.ActiveCfg = Debug|Any CPU
		{4CB9D7CE-3E13-495D-9968-FE231BE2A395}.Debug|Any CPU.Build.0 = Debug|Any CPU
		{4CB9D7CE-3E13-495D-9968-FE231BE2A395}.Debug|x64.ActiveCfg = Debug|Any CPU
		{4CB9D7CE-3E13-495D-9968-FE231BE2A395}.Debug|x64.Build.0 = Debug|Any CPU
		{4CB9D7CE-3E13-495D-9968-FE231BE2A395}.Debug|x86.ActiveCfg = Debug|Any CPU
		{4CB9D7CE-3E13-495D-9968-FE231BE2A395}.Debug|x86.Build.0 = Debug|Any CPU
		{4CB9D7CE-3E13-495D-9968-FE231BE2A395}.Release|Any CPU.ActiveCfg = Release|Any CPU
		{4CB9D7CE-3E13-495D-9968-FE231BE2A395}.Release|Any CPU.Build.0 = Release|Any CPU
		{4CB9D7CE-3E13-495D-9968-FE231BE2A395}.Release|x64.ActiveCfg = Release|Any CPU
		{4CB9D7CE-3E13-495D-9968-FE231BE2A395}.Release|x64.Build.0 = Release|Any CPU
		{4CB9D7CE-3E13-495D-9968-FE231BE2A395}.Release|x86.ActiveCfg = Release|Any CPU
		{4CB9D7CE-3E13-495D-9968-FE231BE2A395}.Release|x86.Build.0 = Release|Any CPU
	EndGlobalSection
	GlobalSection(SolutionProperties) = preSolution
		HideSolutionNode = FALSE
	EndGlobalSection
EndGlobal
